
Microsoft Visual Studio Solution File, Format Version 12.00
# Visual Studio 2013
VisualStudioVersion = 12.0.20617.1 PREVIEW
MinimumVisualStudioVersion = 10.0.40219.1
Project("{F2A71F9B-5D33-465A-A702-920D77279786}") = "AsyncTcp", "AsyncTcp\AsyncTcp.fsproj", "{EA494D48-D1F4-46B7-8C2C-7F8A9BB087CF}"
EndProject
Project("{F2A71F9B-5D33-465A-A702-920D77279786}") = "TestServer", "TestServer\TestServer.fsproj", "{C77E79DF-B022-40C8-9325-BD0B17F74C44}"
EndProject
Project("{F2A71F9B-5D33-465A-A702-920D77279786}") = "TestClient", "TestClient\TestClient.fsproj", "{879A9450-CEEA-4767-94FE-A6E649094124}"
EndProject
Project("{F2A71F9B-5D33-465A-A702-920D77279786}") = "ThriftServer", "ThriftServer\ThriftServer.fsproj", "{3A9C69C5-3624-4F7C-873B-2EE4A3297F72}"
EndProject
Project("{FAE04EC0-301F-11D3-BF4B-00C04F79EFBC}") = "ThriftCommon", "ThriftCommon\ThriftCommon.csproj", "{BD6D2331-6CAF-46C4-9274-14A0AACD30E0}"
EndProject
Project("{F2A71F9B-5D33-465A-A702-920D77279786}") = "ThriftClient", "ThriftClient\ThriftClient.fsproj", "{4FE05008-2A7B-49DA-904E-2143D2E0B9DD}"
EndProject
Global
	GlobalSection(SolutionConfigurationPlatforms) = preSolution
		Debug|Any CPU = Debug|Any CPU
		Release|Any CPU = Release|Any CPU
	EndGlobalSection
	GlobalSection(ProjectConfigurationPlatforms) = postSolution
		{EA494D48-D1F4-46B7-8C2C-7F8A9BB087CF}.Debug|Any CPU.ActiveCfg = Debug|Any CPU
		{EA494D48-D1F4-46B7-8C2C-7F8A9BB087CF}.Debug|Any CPU.Build.0 = Debug|Any CPU
		{EA494D48-D1F4-46B7-8C2C-7F8A9BB087CF}.Release|Any CPU.ActiveCfg = Release|Any CPU
		{EA494D48-D1F4-46B7-8C2C-7F8A9BB087CF}.Release|Any CPU.Build.0 = Release|Any CPU
		{C77E79DF-B022-40C8-9325-BD0B17F74C44}.Debug|Any CPU.ActiveCfg = Debug|Any CPU
		{C77E79DF-B022-40C8-9325-BD0B17F74C44}.Debug|Any CPU.Build.0 = Debug|Any CPU
		{C77E79DF-B022-40C8-9325-BD0B17F74C44}.Release|Any CPU.ActiveCfg = Release|Any CPU
		{C77E79DF-B022-40C8-9325-BD0B17F74C44}.Release|Any CPU.Build.0 = Release|Any CPU
		{879A9450-CEEA-4767-94FE-A6E649094124}.Debug|Any CPU.ActiveCfg = Debug|Any CPU
		{879A9450-CEEA-4767-94FE-A6E649094124}.Debug|Any CPU.Build.0 = Debug|Any CPU
		{879A9450-CEEA-4767-94FE-A6E649094124}.Release|Any CPU.ActiveCfg = Release|Any CPU
		{879A9450-CEEA-4767-94FE-A6E649094124}.Release|Any CPU.Build.0 = Release|Any CPU
		{3A9C69C5-3624-4F7C-873B-2EE4A3297F72}.Debug|Any CPU.ActiveCfg = Debug|Any CPU
		{3A9C69C5-3624-4F7C-873B-2EE4A3297F72}.Debug|Any CPU.Build.0 = Debug|Any CPU
		{3A9C69C5-3624-4F7C-873B-2EE4A3297F72}.Release|Any CPU.ActiveCfg = Release|Any CPU
		{3A9C69C5-3624-4F7C-873B-2EE4A3297F72}.Release|Any CPU.Build.0 = Release|Any CPU
		{BD6D2331-6CAF-46C4-9274-14A0AACD30E0}.Debug|Any CPU.ActiveCfg = Debug|Any CPU
		{BD6D2331-6CAF-46C4-9274-14A0AACD30E0}.Debug|Any CPU.Build.0 = Debug|Any CPU
		{BD6D2331-6CAF-46C4-9274-14A0AACD30E0}.Release|Any CPU.ActiveCfg = Release|Any CPU
		{BD6D2331-6CAF-46C4-9274-14A0AACD30E0}.Release|Any CPU.Build.0 = Release|Any CPU
		{4FE05008-2A7B-49DA-904E-2143D2E0B9DD}.Debug|Any CPU.ActiveCfg = Debug|Any CPU
		{4FE05008-2A7B-49DA-904E-2143D2E0B9DD}.Debug|Any CPU.Build.0 = Debug|Any CPU
		{4FE05008-2A7B-49DA-904E-2143D2E0B9DD}.Release|Any CPU.ActiveCfg = Release|Any CPU
		{4FE05008-2A7B-49DA-904E-2143D2E0B9DD}.Release|Any CPU.Build.0 = Release|Any CPU
	EndGlobalSection
	GlobalSection(SolutionProperties) = preSolution
		HideSolutionNode = FALSE
	EndGlobalSection
EndGlobal
